
Microsoft Visual Studio Solution File, Format Version 12.00
# Visual Studio Version 17
VisualStudioVersion = 17.12.35514.174
MinimumVisualStudioVersion = 10.0.40219.1
Project("{8BC9CEB8-8B4A-11D0-8D11-00A0C91BC942}") = "MapleStoryGame", "MapleStoryGame\MapleStoryGame.vcxproj", "{994988EC-D8DC-4A17-8AA6-D0724826955F}"
	ProjectSection(ProjectDependencies) = postProject
		{B8A6C036-4561-448C-BF00-1320537619DD} = {B8A6C036-4561-448C-BF00-1320537619DD}
	EndProjectSection
EndProject
Project("{8BC9CEB8-8B4A-11D0-8D11-00A0C91BC942}") = "MapleStoryEngine", "MapleStoryEngine\MapleStoryEngine.vcxproj", "{B8A6C036-4561-448C-BF00-1320537619DD}"
EndProject
Project("{8BC9CEB8-8B4A-11D0-8D11-00A0C91BC942}") = "Launcher", "Launcher\Launcher.vcxproj", "{06A547A9-10B2-4BCF-8258-D9F1262E1711}"
	ProjectSection(ProjectDependencies) = postProject
		{994988EC-D8DC-4A17-8AA6-D0724826955F} = {994988EC-D8DC-4A17-8AA6-D0724826955F}
		{B8A6C036-4561-448C-BF00-1320537619DD} = {B8A6C036-4561-448C-BF00-1320537619DD}
	EndProjectSection
EndProject
Project("{2150E333-8FDC-42A3-9474-1A3956D46DE8}") = "Resources", "Resources", "{9DFA0276-CCFB-490F-92D6-C16143DB56A1}"
	ProjectSection(SolutionItems) = preProject
		Resources\Shaders\Shader_PS.hlsl = Resources\Shaders\Shader_PS.hlsl
		Resources\Shaders\Shader_VS.hlsl = Resources\Shaders\Shader_VS.hlsl
	EndProjectSection
EndProject
Global
	GlobalSection(SolutionConfigurationPlatforms) = preSolution
		Debug|x64 = Debug|x64
		Debug|x86 = Debug|x86
		Release|x64 = Release|x64
		Release|x86 = Release|x86
	EndGlobalSection
	GlobalSection(ProjectConfigurationPlatforms) = postSolution
		{994988EC-D8DC-4A17-8AA6-D0724826955F}.Debug|x64.ActiveCfg = Debug|x64
		{994988EC-D8DC-4A17-8AA6-D0724826955F}.Debug|x64.Build.0 = Debug|x64
		{994988EC-D8DC-4A17-8AA6-D0724826955F}.Debug|x86.ActiveCfg = Debug|Win32
		{994988EC-D8DC-4A17-8AA6-D0724826955F}.Debug|x86.Build.0 = Debug|Win32
		{994988EC-D8DC-4A17-8AA6-D0724826955F}.Release|x64.ActiveCfg = Release|x64
		{994988EC-D8DC-4A17-8AA6-D0724826955F}.Release|x64.Build.0 = Release|x64
		{994988EC-D8DC-4A17-8AA6-D0724826955F}.Release|x86.ActiveCfg = Release|Win32
		{994988EC-D8DC-4A17-8AA6-D0724826955F}.Release|x86.Build.0 = Release|Win32
		{B8A6C036-4561-448C-BF00-1320537619DD}.Debug|x64.ActiveCfg = Debug|x64
		{B8A6C036-4561-448C-BF00-1320537619DD}.Debug|x64.Build.0 = Debug|x64
		{B8A6C036-4561-448C-BF00-1320537619DD}.Debug|x86.ActiveCfg = Debug|Win32
		{B8A6C036-4561-448C-BF00-1320537619DD}.Debug|x86.Build.0 = Debug|Win32
		{B8A6C036-4561-448C-BF00-1320537619DD}.Release|x64.ActiveCfg = Release|x64
		{B8A6C036-4561-448C-BF00-1320537619DD}.Release|x64.Build.0 = Release|x64
		{B8A6C036-4561-448C-BF00-1320537619DD}.Release|x86.ActiveCfg = Release|Win32
		{B8A6C036-4561-448C-BF00-1320537619DD}.Release|x86.Build.0 = Release|Win32
		{06A547A9-10B2-4BCF-8258-D9F1262E1711}.Debug|x64.ActiveCfg = Debug|x64
		{06A547A9-10B2-4BCF-8258-D9F1262E1711}.Debug|x64.Build.0 = Debug|x64
		{06A547A9-10B2-4BCF-8258-D9F1262E1711}.Debug|x86.ActiveCfg = Debug|Win32
		{06A547A9-10B2-4BCF-8258-D9F1262E1711}.Debug|x86.Build.0 = Debug|Win32
		{06A547A9-10B2-4BCF-8258-D9F1262E1711}.Release|x64.ActiveCfg = Release|x64
		{06A547A9-10B2-4BCF-8258-D9F1262E1711}.Release|x64.Build.0 = Release|x64
		{06A547A9-10B2-4BCF-8258-D9F1262E1711}.Release|x86.ActiveCfg = Release|Win32
		{06A547A9-10B2-4BCF-8258-D9F1262E1711}.Release|x86.Build.0 = Release|Win32
	EndGlobalSection
	GlobalSection(SolutionProperties) = preSolution
		HideSolutionNode = FALSE
	EndGlobalSection
EndGlobal
