<?xml version="1.0" encoding="utf-8"?>
<Project ToolsVersion="4.0" xmlns="http://schemas.microsoft.com/developer/msbuild/2003">
  <ItemGroup>
    <Filter Include="소스 파일">
      <UniqueIdentifier>{4FC737F1-C7A5-4376-A066-2A32D752A2FF}</UniqueIdentifier>
      <Extensions>cpp;c;cc;cxx;c++;cppm;ixx;def;odl;idl;hpj;bat;asm;asmx</Extensions>
    </Filter>
    <Filter Include="헤더 파일">
      <UniqueIdentifier>{93995380-89BD-4b04-88EB-625FBE52EBFB}</UniqueIdentifier>
      <Extensions>h;hh;hpp;hxx;h++;hm;inl;inc;ipp;xsd</Extensions>
    </Filter>
    <Filter Include="리소스 파일">
      <UniqueIdentifier>{67DA6AB6-F800-4c08-8B7A-83BB121AAD01}</UniqueIdentifier>
      <Extensions>rc;ico;cur;bmp;dlg;rc2;rct;bin;rgs;gif;jpg;jpeg;jpe;resx;tiff;tif;png;wav;mfcribbon-ms</Extensions>
    </Filter>
  </ItemGroup>
  <ItemGroup>
    <ClCompile Include="Private\EntryPoint.cpp">
      <Filter>소스 파일</Filter>
    </ClCompile>
    <ClCompile Include="Private\GamePch.cpp">
      <Filter>소스 파일</Filter>
    </ClCompile>
    <ClCompile Include="Private\MainGameInstance\MainGameInstance.cpp">
      <Filter>소스 파일</Filter>
    </ClCompile>
    <ClCompile Include="Private\Levels\TestLevel.cpp">
      <Filter>소스 파일</Filter>
    </ClCompile>
    <ClCompile Include="Private\DebugSubsystem\MapleStoryDebugSubsystem.cpp">
      <Filter>소스 파일</Filter>
    </ClCompile>
    <ClCompile Include="Private\Actors\Skills\SkillBase.cpp">
      <Filter>소스 파일</Filter>
    </ClCompile>
    <ClCompile Include="Private\Actors\BP_TestCube.cpp">
      <Filter>소스 파일</Filter>
    </ClCompile>
    <ClCompile Include="Private\Actors\Monsters\MobBase.cpp">
      <Filter>소스 파일</Filter>
    </ClCompile>
    <ClCompile Include="Private\Levels\MapBase.cpp">
      <Filter>소스 파일</Filter>
    </ClCompile>
    <ClCompile Include="Private\Actors\ObjBase.cpp">
      <Filter>소스 파일</Filter>
    </ClCompile>
    <ClCompile Include="Private\Levels\TestLevel2.cpp">
      <Filter>소스 파일</Filter>
    </ClCompile>
    <ClCompile Include="Private\Actors\FootholdBase.cpp">
      <Filter>소스 파일</Filter>
    </ClCompile>
    <ClCompile Include="Private\Actors\Characters\CharacterBase.cpp">
      <Filter>소스 파일</Filter>
    </ClCompile>
    <ClCompile Include="Private\Components\FSMComponent.cpp">
      <Filter>소스 파일</Filter>
    </ClCompile>
    <ClCompile Include="Private\Actions\BP_MoveLeftAction.cpp">
      <Filter>소스 파일</Filter>
    </ClCompile>
    <ClCompile Include="Private\Actions\BP_MoveRightAction.cpp">
      <Filter>소스 파일</Filter>
    </ClCompile>
    <ClCompile Include="Private\Actions\BP_JumpAction.cpp">
      <Filter>소스 파일</Filter>
    </ClCompile>
    <ClCompile Include="Private\Actions\BP_FairyTurnAction.cpp">
      <Filter>소스 파일</Filter>
    </ClCompile>
    <ClCompile Include="Private\Actions\BP_DoubleJumpAction.cpp">
      <Filter>소스 파일</Filter>
    </ClCompile>
    <ClCompile Include="Private\Actors\Skills\BP_GustShiftSkill_0.cpp">
      <Filter>소스 파일</Filter>
    </ClCompile>
    <ClCompile Include="Private\Actors\Skills\BP_GustShiftSkill_1.cpp">
      <Filter>소스 파일</Filter>
    </ClCompile>
    <ClCompile Include="Private\Actions\BP_GustShiftAction.cpp">
      <Filter>소스 파일</Filter>
    </ClCompile>
    <ClCompile Include="Private\Actors\Skills\BP_FairyTurn_0.cpp">
      <Filter>소스 파일</Filter>
    </ClCompile>
    <ClCompile Include="Private\Actors\Characters\BP_WindBreaker.cpp">
      <Filter>소스 파일</Filter>
    </ClCompile>
    <ClCompile Include="Private\Components\MapleCameraComponent.cpp">
      <Filter>소스 파일</Filter>
    </ClCompile>
    <ClCompile Include="Private\Actors\NPCs\NPCBase.cpp">
      <Filter>소스 파일</Filter>
    </ClCompile>
    <ClCompile Include="Private\Actions\BP_ProneAction.cpp">
      <Filter>소스 파일</Filter>
    </ClCompile>
    <ClCompile Include="Private\Actors\Monsters\BP_Cleaner.cpp">
      <Filter>소스 파일</Filter>
    </ClCompile>
    <ClCompile Include="Private\Actions\BP_TakeDamageAction.cpp">
      <Filter>소스 파일</Filter>
    </ClCompile>
    <ClCompile Include="Private\Actors\Skills\BP_FairyTurn_Range.cpp">
      <Filter>소스 파일</Filter>
    </ClCompile>
    <ClCompile Include="Private\Actors\DamageFont.cpp">
      <Filter>소스 파일</Filter>
    </ClCompile>
    <ClCompile Include="Private\Actors\Skills\HitEffect.cpp">
      <Filter>소스 파일</Filter>
    </ClCompile>
    <ClCompile Include="Private\Levels\LachelnTowerTopLevel.cpp">
      <Filter>소스 파일</Filter>
    </ClCompile>
    <ClCompile Include="Private\Levels\LachelnDreamForest.cpp">
      <Filter>소스 파일</Filter>
    </ClCompile>
  </ItemGroup>
  <ItemGroup>
    <ClInclude Include="Public\GamePch.h">
      <Filter>헤더 파일</Filter>
    </ClInclude>
    <ClInclude Include="Public\MainGameInstance\MainGameInstance.h">
      <Filter>헤더 파일</Filter>
    </ClInclude>
    <ClInclude Include="Public\GameDefine.h">
      <Filter>헤더 파일</Filter>
    </ClInclude>
    <ClInclude Include="Public\Levels\TestLevel.h">
      <Filter>헤더 파일</Filter>
    </ClInclude>
    <ClInclude Include="Public\DebugSubsystem\MapleStoryDebugSubsystem.h">
      <Filter>헤더 파일</Filter>
    </ClInclude>
    <ClInclude Include="Public\Actors\Skills\SkillBase.h">
      <Filter>헤더 파일</Filter>
    </ClInclude>
    <ClInclude Include="Public\Actors\BP_TestCube.h">
      <Filter>헤더 파일</Filter>
    </ClInclude>
    <ClInclude Include="Public\Actors\Monsters\MobBase.h">
      <Filter>헤더 파일</Filter>
    </ClInclude>
    <ClInclude Include="Public\Levels\MapBase.h">
      <Filter>헤더 파일</Filter>
    </ClInclude>
    <ClInclude Include="Public\Actors\ObjBase.h">
      <Filter>헤더 파일</Filter>
    </ClInclude>
    <ClInclude Include="Public\Levels\TestLevel2.h">
      <Filter>헤더 파일</Filter>
    </ClInclude>
    <ClInclude Include="Public\Actors\FootholdBase.h">
      <Filter>헤더 파일</Filter>
    </ClInclude>
    <ClInclude Include="Public\Actors\Characters\CharacterBase.h">
      <Filter>헤더 파일</Filter>
    </ClInclude>
    <ClInclude Include="Public\Components\FSMComponent.h">
      <Filter>헤더 파일</Filter>
    </ClInclude>
    <ClInclude Include="Public\Actions\BP_MoveLeftAction.h">
      <Filter>헤더 파일</Filter>
    </ClInclude>
    <ClInclude Include="Public\Actions\BP_MoveRightAction.h">
      <Filter>헤더 파일</Filter>
    </ClInclude>
    <ClInclude Include="Public\Actions\BP_JumpAction.h">
      <Filter>헤더 파일</Filter>
    </ClInclude>
    <ClInclude Include="Public\Actions\BP_FairyTurnAction.h">
      <Filter>헤더 파일</Filter>
    </ClInclude>
    <ClInclude Include="Public\Actions\BP_DoubleJumpAction.h">
      <Filter>헤더 파일</Filter>
    </ClInclude>
    <ClInclude Include="Public\Actors\Skills\BP_GustShiftSkill_0.h">
      <Filter>헤더 파일</Filter>
    </ClInclude>
    <ClInclude Include="Public\Actors\Skills\BP_GustShiftSkill_1.h">
      <Filter>헤더 파일</Filter>
    </ClInclude>
    <ClInclude Include="Public\Actions\BP_GustShiftAction.h">
      <Filter>헤더 파일</Filter>
    </ClInclude>
    <ClInclude Include="Public\Actors\Skills\BP_FairyTurn_0.h">
      <Filter>헤더 파일</Filter>
    </ClInclude>
    <ClInclude Include="Public\Actors\Characters\BP_WindBreaker.h">
      <Filter>헤더 파일</Filter>
    </ClInclude>
    <ClInclude Include="Public\Components\MapleCameraComponent.h">
      <Filter>헤더 파일</Filter>
    </ClInclude>
    <ClInclude Include="Public\Actors\NPCs\NPCBase.h">
      <Filter>헤더 파일</Filter>
    </ClInclude>
    <ClInclude Include="Public\Actions\BP_ProneAction.h">
      <Filter>헤더 파일</Filter>
    </ClInclude>
    <ClInclude Include="Public\Actors\Monsters\BP_Cleaner.h">
      <Filter>헤더 파일</Filter>
    </ClInclude>
    <ClInclude Include="Public\Actions\BP_TakeDamageAction.h">
      <Filter>헤더 파일</Filter>
    </ClInclude>
    <ClInclude Include="Public\Actors\Skills\BP_FairyTurn_Range.h">
      <Filter>헤더 파일</Filter>
    </ClInclude>
    <ClInclude Include="Public\Actors\DamageFont.h">
      <Filter>헤더 파일</Filter>
    </ClInclude>
    <ClInclude Include="Public\Actors\Skills\HitEffect.h">
      <Filter>헤더 파일</Filter>
    </ClInclude>
    <ClInclude Include="Public\Levels\LachelnTowerTopLevel.h">
      <Filter>헤더 파일</Filter>
    </ClInclude>
    <ClInclude Include="Public\Levels\LachelnDreamForest.h">
      <Filter>헤더 파일</Filter>
    </ClInclude>
  </ItemGroup>
</Project>